
Microsoft Visual Studio Solution File, Format Version 12.00
# Visual Studio Version 17
VisualStudioVersion = 17.0.31903.59
MinimumVisualStudioVersion = 10.0.40219.1
Project("{FAE04EC0-301F-11D3-BF4B-00C04F79EFBC}") = "AGV-BSS", "AGV-BSS\AGV-BSS.csproj", "{B2371B20-07A3-4D86-A63B-8A36B182AF24}"
EndProject
Global
	GlobalSection(SolutionConfigurationPlatforms) = preSolution
		Debug|Any CPU = Debug|Any CPU
		Release|Any CPU = Release|Any CPU
	EndGlobalSection
	GlobalSection(SolutionProperties) = preSolution
		HideSolutionNode = FALSE
	EndGlobalSection
	GlobalSection(ProjectConfigurationPlatforms) = postSolution
		{B2371B20-07A3-4D86-A63B-8A36B182AF24}.Debug|Any CPU.ActiveCfg = Debug|Any CPU
		{B2371B20-07A3-4D86-A63B-8A36B182AF24}.Debug|Any CPU.Build.0 = Debug|Any CPU
		{B2371B20-07A3-4D86-A63B-8A36B182AF24}.Release|Any CPU.ActiveCfg = Release|Any CPU
		{B2371B20-07A3-4D86-A63B-8A36B182AF24}.Release|Any CPU.Build.0 = Release|Any CPU
		{4F70C8F3-8864-4807-A8E8-7B726419B590}.Debug|Any CPU.ActiveCfg = Debug|Any CPU
		{4F70C8F3-8864-4807-A8E8-7B726419B590}.Debug|Any CPU.Build.0 = Debug|Any CPU
		{4F70C8F3-8864-4807-A8E8-7B726419B590}.Release|Any CPU.ActiveCfg = Release|Any CPU
		{4F70C8F3-8864-4807-A8E8-7B726419B590}.Release|Any CPU.Build.0 = Release|Any CPU
	EndGlobalSection
EndGlobal
